version = 1
requires-python = ">=3.7"

[[package]]
name = "mock"
version = "5.1.0"
source = { registry = "https://pypi.org/simple" }
sdist = { url = "https://files.pythonhosted.org/packages/66/ab/41d09a46985ead5839d8be987acda54b5bb93f713b3969cc0be4f81c455b/mock-5.1.0.tar.gz", hash = "sha256:5e96aad5ccda4718e0a229ed94b2024df75cc2d55575ba5762d31f5767b8767d", size = 80232 }
wheels = [
    { url = "https://files.pythonhosted.org/packages/6b/20/471f41173930550f279ccb65596a5ac19b9ac974a8d93679bcd3e0c31498/mock-5.1.0-py3-none-any.whl", hash = "sha256:18c694e5ae8a208cdb3d2c20a993ca1a7b0efa258c247a1e565150f477f83744", size = 30938 },
]

[[package]]
name = "paw"
version = "1.3"
source = { editable = "." }
dependencies = [
    { name = "mock" },
    { name = "ruff" },
    { name = "wlgen" },
]

[package.metadata]
requires-dist = [
    { name = "mock", specifier = ">=5.1.0" },
    { name = "ruff", specifier = ">=0.8.4" },
    { name = "wlgen", specifier = ">=1.3" },
]

[[package]]
name = "ruff"
version = "0.8.4"
source = { registry = "https://pypi.org/simple" }
sdist = { url = "https://files.pythonhosted.org/packages/34/37/9c02181ef38d55b77d97c68b78e705fd14c0de0e5d085202bb2b52ce5be9/ruff-0.8.4.tar.gz", hash = "sha256:0d5f89f254836799af1615798caa5f80b7f935d7a670fad66c5007928e57ace8", size = 3402103 }
wheels = [
    { url = "https://files.pythonhosted.org/packages/05/67/f480bf2f2723b2e49af38ed2be75ccdb2798fca7d56279b585c8f553aaab/ruff-0.8.4-py3-none-linux_armv6l.whl", hash = "sha256:58072f0c06080276804c6a4e21a9045a706584a958e644353603d36ca1eb8a60", size = 10546415 },
    { url = "https://files.pythonhosted.org/packages/eb/7a/5aba20312c73f1ce61814e520d1920edf68ca3b9c507bd84d8546a8ecaa8/ruff-0.8.4-py3-none-macosx_10_12_x86_64.whl", hash = "sha256:ffb60904651c00a1e0b8df594591770018a0f04587f7deeb3838344fe3adabac", size = 10346113 },
    { url = "https://files.pythonhosted.org/packages/76/f4/c41de22b3728486f0aa95383a44c42657b2db4062f3234ca36fc8cf52d8b/ruff-0.8.4-py3-none-macosx_11_0_arm64.whl", hash = "sha256:6ddf5d654ac0d44389f6bf05cee4caeefc3132a64b58ea46738111d687352296", size = 9943564 },
    { url = "https://files.pythonhosted.org/packages/0e/f0/afa0d2191af495ac82d4cbbfd7a94e3df6f62a04ca412033e073b871fc6d/ruff-0.8.4-py3-none-manylinux_2_17_aarch64.manylinux2014_aarch64.whl", hash = "sha256:e248b1f0fa2749edd3350a2a342b67b43a2627434c059a063418e3d375cfe643", size = 10805522 },
    { url = "https://files.pythonhosted.org/packages/12/57/5d1e9a0fd0c228e663894e8e3a8e7063e5ee90f8e8e60cf2085f362bfa1a/ruff-0.8.4-py3-none-manylinux_2_17_armv7l.manylinux2014_armv7l.whl", hash = "sha256:bf197b98ed86e417412ee3b6c893f44c8864f816451441483253d5ff22c0e81e", size = 10306763 },
    { url = "https://files.pythonhosted.org/packages/04/df/f069fdb02e408be8aac6853583572a2873f87f866fe8515de65873caf6b8/ruff-0.8.4-py3-none-manylinux_2_17_i686.manylinux2014_i686.whl", hash = "sha256:c41319b85faa3aadd4d30cb1cffdd9ac6b89704ff79f7664b853785b48eccdf3", size = 11359574 },
    { url = "https://files.pythonhosted.org/packages/d3/04/37c27494cd02e4a8315680debfc6dfabcb97e597c07cce0044db1f9dfbe2/ruff-0.8.4-py3-none-manylinux_2_17_ppc64.manylinux2014_ppc64.whl", hash = "sha256:9f8402b7c4f96463f135e936d9ab77b65711fcd5d72e5d67597b543bbb43cf3f", size = 12094851 },
    { url = "https://files.pythonhosted.org/packages/81/b1/c5d7fb68506cab9832d208d03ea4668da9a9887a4a392f4f328b1bf734ad/ruff-0.8.4-py3-none-manylinux_2_17_ppc64le.manylinux2014_ppc64le.whl", hash = "sha256:e4e56b3baa9c23d324ead112a4fdf20db9a3f8f29eeabff1355114dd96014604", size = 11655539 },
    { url = "https://files.pythonhosted.org/packages/ef/38/8f8f2c8898dc8a7a49bc340cf6f00226917f0f5cb489e37075bcb2ce3671/ruff-0.8.4-py3-none-manylinux_2_17_s390x.manylinux2014_s390x.whl", hash = "sha256:736272574e97157f7edbbb43b1d046125fce9e7d8d583d5d65d0c9bf2c15addf", size = 12912805 },
    { url = "https://files.pythonhosted.org/packages/06/dd/fa6660c279f4eb320788876d0cff4ea18d9af7d9ed7216d7bd66877468d0/ruff-0.8.4-py3-none-manylinux_2_17_x86_64.manylinux2014_x86_64.whl", hash = "sha256:e5fe710ab6061592521f902fca7ebcb9fabd27bc7c57c764298b1c1f15fff720", size = 11205976 },
    { url = "https://files.pythonhosted.org/packages/a8/d7/de94cc89833b5de455750686c17c9e10f4e1ab7ccdc5521b8fe911d1477e/ruff-0.8.4-py3-none-musllinux_1_2_aarch64.whl", hash = "sha256:13e9ec6d6b55f6da412d59953d65d66e760d583dd3c1c72bf1f26435b5bfdbae", size = 10792039 },
    { url = "https://files.pythonhosted.org/packages/6d/15/3e4906559248bdbb74854af684314608297a05b996062c9d72e0ef7c7097/ruff-0.8.4-py3-none-musllinux_1_2_armv7l.whl", hash = "sha256:97d9aefef725348ad77d6db98b726cfdb075a40b936c7984088804dfd38268a7", size = 10400088 },
    { url = "https://files.pythonhosted.org/packages/a2/21/9ed4c0e8133cb4a87a18d470f534ad1a8a66d7bec493bcb8bda2d1a5d5be/ruff-0.8.4-py3-none-musllinux_1_2_i686.whl", hash = "sha256:ab78e33325a6f5374e04c2ab924a3367d69a0da36f8c9cb6b894a62017506111", size = 10900814 },
    { url = "https://files.pythonhosted.org/packages/0d/5d/122a65a18955bd9da2616b69bc839351f8baf23b2805b543aa2f0aed72b5/ruff-0.8.4-py3-none-musllinux_1_2_x86_64.whl", hash = "sha256:8ef06f66f4a05c3ddbc9121a8b0cecccd92c5bf3dd43b5472ffe40b8ca10f0f8", size = 11268828 },
    { url = "https://files.pythonhosted.org/packages/43/a9/1676ee9106995381e3d34bccac5bb28df70194167337ed4854c20f27c7ba/ruff-0.8.4-py3-none-win32.whl", hash = "sha256:552fb6d861320958ca5e15f28b20a3d071aa83b93caee33a87b471f99a6c0835", size = 8805621 },
    { url = "https://files.pythonhosted.org/packages/10/98/ed6b56a30ee76771c193ff7ceeaf1d2acc98d33a1a27b8479cbdb5c17a23/ruff-0.8.4-py3-none-win_amd64.whl", hash = "sha256:f21a1143776f8656d7f364bd264a9d60f01b7f52243fbe90e7670c0dfe0cf65d", size = 9660086 },
    { url = "https://files.pythonhosted.org/packages/13/9f/026e18ca7d7766783d779dae5e9c656746c6ede36ef73c6d934aaf4a6dec/ruff-0.8.4-py3-none-win_arm64.whl", hash = "sha256:9183dd615d8df50defa8b1d9a074053891ba39025cf5ae88e8bcb52edcc4bf08", size = 9074500 },
]

[[package]]
name = "wlgen"
version = "1.3"
source = { registry = "https://pypi.org/simple" }
dependencies = [
    { name = "ruff" },
]
sdist = { url = "https://files.pythonhosted.org/packages/79/91/b7c3ca6f457624859cb3903fb78c128a7c4e680038a23a2f76a6d1976a55/wlgen-1.3.tar.gz", hash = "sha256:3422905b664650696d019f533c18388e7b0e6c0291b1e1f0959d086df8c303cb", size = 6362 }
wheels = [
    { url = "https://files.pythonhosted.org/packages/ad/81/7ef494de4d3853c6e14b42cef6d6ac8908fc8393091aa0268527722355b7/wlgen-1.3-py3-none-any.whl", hash = "sha256:f3ebc7777a32da8ec688fe5a4450b58e660fecf76790ffeaaf0b36659d7db947", size = 4683 },
]
