version = 1
revision = 3
requires-python = ">=3.0"
resolution-markers = [
    "python_full_version >= '3.7'",
    "python_full_version == '3.6.*'",
    "python_full_version < '3.6'",
]

[[package]]
name = "funcsigs"
version = "1.0.2"
source = { registry = "https://pypi.org/simple" }
sdist = { url = "https://files.pythonhosted.org/packages/94/4a/db842e7a0545de1cdb0439bb80e6e42dfe82aaeaadd4072f2263a4fbed23/funcsigs-1.0.2.tar.gz", hash = "sha256:a7bb0f2cf3a3fd1ab2732cb49eba4252c2af4240442415b4abce3b87022a8f50", size = 27947, upload-time = "2016-04-25T22:22:33.882Z" }
wheels = [
    { url = "https://files.pythonhosted.org/packages/69/cb/f5be453359271714c01b9bd06126eaf2e368f1fddfff30818754b5ac2328/funcsigs-1.0.2-py2.py3-none-any.whl", hash = "sha256:330cc27ccbf7f1e992e69fef78261dc7c6569012cf397db8d3de0234e6c937ca", size = 17697, upload-time = "2016-04-25T22:22:05.222Z" },
]

[[package]]
name = "mock"
version = "3.0.5"
source = { registry = "https://pypi.org/simple" }
resolution-markers = [
    "python_full_version < '3.6'",
]
dependencies = [
    { name = "funcsigs", marker = "python_full_version < '3.3'" },
    { name = "six", marker = "python_full_version < '3.6'" },
]
sdist = { url = "https://files.pythonhosted.org/packages/2e/ab/4fe657d78b270aa6a32f027849513b829b41b0f28d9d8d7f8c3d29ea559a/mock-3.0.5.tar.gz", hash = "sha256:83657d894c90d5681d62155c82bda9c1187827525880eda8ff5df4ec813437c3", size = 28126, upload-time = "2019-05-07T21:22:24.036Z" }
wheels = [
    { url = "https://files.pythonhosted.org/packages/05/d2/f94e68be6b17f46d2c353564da56e6fb89ef09faeeff3313a046cb810ca9/mock-3.0.5-py2.py3-none-any.whl", hash = "sha256:d157e52d4e5b938c550f39eb2fd15610db062441a9c2747d3dbfa9298211d0f8", size = 25027, upload-time = "2019-05-07T21:22:22.485Z" },
]

[[package]]
name = "mock"
version = "5.1.0"
source = { registry = "https://pypi.org/simple" }
resolution-markers = [
    "python_full_version >= '3.7'",
    "python_full_version == '3.6.*'",
]
sdist = { url = "https://files.pythonhosted.org/packages/66/ab/41d09a46985ead5839d8be987acda54b5bb93f713b3969cc0be4f81c455b/mock-5.1.0.tar.gz", hash = "sha256:5e96aad5ccda4718e0a229ed94b2024df75cc2d55575ba5762d31f5767b8767d", size = 80232, upload-time = "2023-07-11T13:35:03.936Z" }
wheels = [
    { url = "https://files.pythonhosted.org/packages/6b/20/471f41173930550f279ccb65596a5ac19b9ac974a8d93679bcd3e0c31498/mock-5.1.0-py3-none-any.whl", hash = "sha256:18c694e5ae8a208cdb3d2c20a993ca1a7b0efa258c247a1e565150f477f83744", size = 30938, upload-time = "2023-07-11T13:35:02.101Z" },
]

[[package]]
name = "paw"
version = "2.0.0"
source = { editable = "." }
dependencies = [
    { name = "wlgen" },
]

[package.dev-dependencies]
dev = [
    { name = "mock", version = "3.0.5", source = { registry = "https://pypi.org/simple" }, marker = "python_full_version < '3.6'" },
    { name = "mock", version = "5.1.0", source = { registry = "https://pypi.org/simple" }, marker = "python_full_version >= '3.6'" },
]
lint = [
    { name = "ruff", version = "0.0.17", source = { registry = "https://pypi.org/simple" }, marker = "python_full_version < '3.7'" },
    { name = "ruff", version = "0.8.4", source = { registry = "https://pypi.org/simple" }, marker = "python_full_version >= '3.7'" },
]

[package.metadata]
requires-dist = [{ name = "wlgen", specifier = ">=2.0.0" }]

[package.metadata.requires-dev]
dev = [{ name = "mock" }]
lint = [{ name = "ruff" }]

[[package]]
name = "ruff"
version = "0.0.17"
source = { registry = "https://pypi.org/simple" }
resolution-markers = [
    "python_full_version == '3.6.*'",
    "python_full_version < '3.6'",
]
sdist = { url = "https://files.pythonhosted.org/packages/aa/ed/7adc91572c08f346976335f6b1b22774ea555d11043a9ff013f962affab5/ruff-0.0.17.tar.gz", hash = "sha256:5815383171ccbab333d6b6d54253e91003ee6be4627738d56855cbefc393df41", size = 54259, upload-time = "2022-08-29T16:47:10.981Z" }
wheels = [
    { url = "https://files.pythonhosted.org/packages/10/3b/4a6b289ab3ca80109402c15dd0fc83ef1c77572453b346a74ebc55666db5/ruff-0.0.17-cp310-cp310-macosx_10_7_x86_64.whl", hash = "sha256:2fa56d385b31462e26a605477c626023b16fb5a399b619ba0966d0d2b8d88eca", size = 1665731, upload-time = "2022-08-29T16:47:08.541Z" },
    { url = "https://files.pythonhosted.org/packages/3d/23/5e519dd38ae42a75f8e6a952a3c5ea842804e2cb8c60a1d72807131d8aba/ruff-0.0.17-cp310-cp310-macosx_10_9_x86_64.macosx_11_0_arm64.macosx_10_9_universal2.whl", hash = "sha256:4f5694f9876cde21b95ad9c1691d0513617d2e88c0749f400b866505217fd5a0", size = 3202527, upload-time = "2022-08-29T21:01:44.993Z" },
    { url = "https://files.pythonhosted.org/packages/9c/05/69872574ea3044cfbac4becef1c25c0b1227499c91c2232b83bad9bb104c/ruff-0.0.17-cp310-cp310-macosx_11_0_arm64.whl", hash = "sha256:d1349f4e5a4d53294fce92f42ecf881a73c180d71f14121461cac7d251abafd4", size = 1543942, upload-time = "2022-08-29T16:49:39.044Z" },
    { url = "https://files.pythonhosted.org/packages/24/16/e5c7cb9b77d1f64d94d507d0c3d7ef491a10dc75825f458cb1bb05ae41cf/ruff-0.0.17-cp310-cp310-manylinux_2_12_i686.manylinux2010_i686.whl", hash = "sha256:f4e60d690898be3c3bf24387e67ac89496a97eb8814b8c0f0670ea43b6e83ee2", size = 1788392, upload-time = "2022-08-29T18:37:19.118Z" },
    { url = "https://files.pythonhosted.org/packages/76/a4/dad616f277880963968d8a5e5719556f4ecadc7333c0da8bfb5060c5750c/ruff-0.0.17-cp310-cp310-manylinux_2_12_x86_64.manylinux2010_x86_64.whl", hash = "sha256:522cacc6e550a7d59ead3b0ca65623582d51bfe32f6c780770ccf5d1bc3246cb", size = 1758753, upload-time = "2022-08-29T18:37:20.967Z" },
    { url = "https://files.pythonhosted.org/packages/bc/44/08d68e219e2e7659991b467122f41326fde1e2e959107746ed7559f5e498/ruff-0.0.17-cp310-cp310-manylinux_2_17_aarch64.manylinux2014_aarch64.whl", hash = "sha256:e608511d0349a6211a0a123744cc0960f88539dbf62a0b8a77e3ee483237a6da", size = 1677835, upload-time = "2022-08-29T20:02:36.516Z" },
    { url = "https://files.pythonhosted.org/packages/d6/7d/4d897311a299007b8542bfcd83dff9b09db6a7130f48ad3252e8ba3740b9/ruff-0.0.17-cp310-cp310-manylinux_2_17_armv7l.manylinux2014_armv7l.whl", hash = "sha256:78f14cf1056ded6bda77162d7483e11a2f2a29763538422adaa5412654ff1a94", size = 1700213, upload-time = "2022-08-29T20:02:38.204Z" },
    { url = "https://files.pythonhosted.org/packages/90/af/2c5dfa97f6994cf462e2b1934662f730608eec7ccfd6b992bab1af002ce9/ruff-0.0.17-cp310-cp310-manylinux_2_17_ppc64le.manylinux2014_ppc64le.whl", hash = "sha256:f7cd7180893a3ed789c82838c8082fda074ba1cec46f383e255e696533f634be", size = 1894523, upload-time = "2022-08-29T21:01:46.767Z" },
    { url = "https://files.pythonhosted.org/packages/40/e8/74569b7b05ece82a9e298eed7e01b2ae18205cee88de0283d0647370d120/ruff-0.0.17-cp310-cp310-manylinux_2_17_s390x.manylinux2014_s390x.whl", hash = "sha256:a90917b0e9d2f851294e445f0b898fa94051c4d9edcc1ab6d40bc1129fb9bb1e", size = 2119346, upload-time = "2022-08-29T21:01:48.633Z" },
    { url = "https://files.pythonhosted.org/packages/7c/46/2cb84ccb0944c37208a2cea880ba8c6cb2a1752759771d385d6217de46b2/ruff-0.0.17-cp310-cp310-musllinux_1_2_aarch64.whl", hash = "sha256:9bb485eb3e0ba0c19ffd14b533659448c1c5e2958171e818fc1bc42c76f3d99a", size = 1679168, upload-time = "2022-08-29T19:17:07.593Z" },
    { url = "https://files.pythonhosted.org/packages/47/65/cfd4e305851fdb94b7c8147d9d839ed83f9a93a941cc89d71e633a094642/ruff-0.0.17-cp310-cp310-musllinux_1_2_armv7l.whl", hash = "sha256:f3a399e4d211cdbec9229a89b1b7e77345eae881e9c3682fef7e90044de6a864", size = 1715985, upload-time = "2022-08-29T19:17:09.644Z" },
    { url = "https://files.pythonhosted.org/packages/23/7a/96a4e5c51bab9538d9ee27a0eba95bd790d120bcc76a195417abbfb2cc81/ruff-0.0.17-cp310-cp310-musllinux_1_2_i686.whl", hash = "sha256:80fe80b12ea042b9f0d8e80608db400e0c8e419d74a4dcf8b3b4fea9ec03362f", size = 1782188, upload-time = "2022-08-29T19:08:59.22Z" },
    { url = "https://files.pythonhosted.org/packages/fb/3c/92267e9b9336bb1ba9ba7f5e3b9028e57ee4d77f32f728992c23da69ab53/ruff-0.0.17-cp310-cp310-musllinux_1_2_x86_64.whl", hash = "sha256:3b067ed2bd3fd0d4be591ea9afc796c07706291d78efe5a8eda4172c4d43525c", size = 1812203, upload-time = "2022-08-29T19:09:00.545Z" },
    { url = "https://files.pythonhosted.org/packages/ca/d9/52cef313261a61931c4f3be228a774c5dad89f45042518d0f483864902ca/ruff-0.0.17-cp310-none-win32.whl", hash = "sha256:e3aba30e3aad77f260095ea1dbcf2834ab64d75133ff8d260625bb22887e2799", size = 1626413, upload-time = "2022-08-29T18:37:22.548Z" },
    { url = "https://files.pythonhosted.org/packages/fe/d7/741e229667d0038d004783286ea6fa4554ff7a3b52bfe9b26b0380462e56/ruff-0.0.17-cp310-none-win_amd64.whl", hash = "sha256:a068bced7aff34173319931972fde3d7e68e3894915edac4e0f8c9b7bec7a226", size = 1654976, upload-time = "2022-08-29T18:37:23.82Z" },
    { url = "https://files.pythonhosted.org/packages/20/50/470c8688e96fecac2096205cb45438676f6277b9c713a0aa1c4e633af503/ruff-0.0.17-cp37-cp37m-macosx_10_7_x86_64.whl", hash = "sha256:b708d650c2ba25458d9e735c51981b687bf6747a4b28403eb7f6bae1aa93cfcf", size = 1665730, upload-time = "2022-08-29T16:46:59.823Z" },
    { url = "https://files.pythonhosted.org/packages/13/13/f68c059cafb95122214c2defac7005c8a5ce278c7f1768d6849c167df07a/ruff-0.0.17-cp37-cp37m-macosx_11_0_arm64.whl", hash = "sha256:91019d271c223a4c562dbc2fbf2a2a96157524999a1173a4c858816d0c1bb9e7", size = 1543941, upload-time = "2022-08-29T16:49:25.657Z" },
    { url = "https://files.pythonhosted.org/packages/70/e9/353db015927b6336bffbb7fe16af3bf76e860ab0fbddd66bf0a6995a2bfa/ruff-0.0.17-cp37-cp37m-manylinux_2_12_i686.manylinux2010_i686.whl", hash = "sha256:edbaf1c7f6b6483a206e549026f03ef7e04e480b5204437e21370de508dcf736", size = 1788393, upload-time = "2022-08-29T18:37:25.212Z" },
    { url = "https://files.pythonhosted.org/packages/32/e5/2c41a62d58763948fa332619226cb11ded2ec161c678d70b7991b839ecf5/ruff-0.0.17-cp37-cp37m-manylinux_2_12_x86_64.manylinux2010_x86_64.whl", hash = "sha256:52110ed886d674497531d44ead5fa2fe99be930adfc9cec4b1f39409043efb13", size = 1758755, upload-time = "2022-08-29T18:37:26.822Z" },
    { url = "https://files.pythonhosted.org/packages/3f/a9/f0cc3416b6f2e3755c8b37271112c609dfdf862b2825d86f4fc926eee037/ruff-0.0.17-cp37-cp37m-manylinux_2_17_aarch64.manylinux2014_aarch64.whl", hash = "sha256:febfbe4fa02e680b93b3fc2dcb0ffe5d601435c9719a51e35fe51fff1d0cc2c6", size = 1677834, upload-time = "2022-08-29T21:01:50.383Z" },
    { url = "https://files.pythonhosted.org/packages/ed/54/ad7286c9e136260eaf8d6236202384dfe71a884a7b31288e129a43c33cb7/ruff-0.0.17-cp37-cp37m-manylinux_2_17_armv7l.manylinux2014_armv7l.whl", hash = "sha256:a6e72d62bd47f086d14ea5796ea18d1b98089a839dad693afa471a1fcdb6ae0d", size = 1700213, upload-time = "2022-08-29T21:01:52.228Z" },
    { url = "https://files.pythonhosted.org/packages/bd/f7/12a3cfa5b88485ecdc724d0e915a8ebe4dfebfa94422855a445850564d01/ruff-0.0.17-cp37-cp37m-manylinux_2_17_ppc64le.manylinux2014_ppc64le.whl", hash = "sha256:27d1bd7c71a90522e383853e411fcb402ccdcaf8778c6e0d54359153772f7870", size = 1894524, upload-time = "2022-08-29T21:01:53.62Z" },
    { url = "https://files.pythonhosted.org/packages/e2/1a/1ab955830e84dcad9f606954d5b1094e186de144a2ad37247aa37145cbcd/ruff-0.0.17-cp37-cp37m-manylinux_2_17_s390x.manylinux2014_s390x.whl", hash = "sha256:5bed7beec36834e6fc40a03af92bc0da67599c70fbe24d8d820a1a2110b25eaf", size = 2119348, upload-time = "2022-08-29T21:01:55.342Z" },
    { url = "https://files.pythonhosted.org/packages/3c/00/a67b2904d92034abd2f35a4d930eae08abf64106f64a90a67770395db8a7/ruff-0.0.17-cp37-none-win32.whl", hash = "sha256:c664d897e21b9aab2b20c764434653aa394e32c32d38e751fd4f381ace3a4e58", size = 1626410, upload-time = "2022-08-29T18:37:28.285Z" },
    { url = "https://files.pythonhosted.org/packages/9c/a9/dacfff99065b0588ff9cf07411d7bbc8a167d1542d92a7e46f5825e262fa/ruff-0.0.17-cp37-none-win_amd64.whl", hash = "sha256:8c5900fd09baa2c7a4aecbdc754d3a43f2842906ee571812fa3eb28b8e7973a5", size = 1654975, upload-time = "2022-08-29T18:37:29.631Z" },
    { url = "https://files.pythonhosted.org/packages/f3/a9/e5a048d209e246b3702a23540b1e09faa79b313b1b23f27993e33df3b01a/ruff-0.0.17-cp38-cp38-macosx_10_7_x86_64.whl", hash = "sha256:db04c29f114c68f447aeec23f9be6118ea11a18a2444416cb4afb0fd918e50db", size = 1665728, upload-time = "2022-08-29T16:47:02.676Z" },
    { url = "https://files.pythonhosted.org/packages/32/3d/13114ef5793e43fd5c8ee17047fbdc86e9eacb81f708c0e01ca9d5db773f/ruff-0.0.17-cp38-cp38-macosx_10_9_x86_64.macosx_11_0_arm64.macosx_10_9_universal2.whl", hash = "sha256:8527c8aacdd0e911c6f7d6f1b109a17e68300ac0f255ccce73e748bb8835c722", size = 3202527, upload-time = "2022-08-29T21:01:56.852Z" },
    { url = "https://files.pythonhosted.org/packages/09/3f/657daee09a7412bda8af1963d6dd1b4adfdbc0e2d37c7261984fc4953e19/ruff-0.0.17-cp38-cp38-macosx_11_0_arm64.whl", hash = "sha256:889aa57c771140ec6b17e15af8308e88e43a07b7369b97cb0426e1393e3d10b5", size = 1543942, upload-time = "2022-08-29T16:49:30.404Z" },
    { url = "https://files.pythonhosted.org/packages/c1/6b/15e1c6744216236a3a08a8e40e318c329f86febdee7a1d62e3c449d75009/ruff-0.0.17-cp38-cp38-manylinux_2_12_i686.manylinux2010_i686.whl", hash = "sha256:7be31e77c1f98d9d02a7f6f2d4c05e8236cd9c82d0c3356b083162a011fc4d23", size = 1788391, upload-time = "2022-08-29T18:37:31.602Z" },
    { url = "https://files.pythonhosted.org/packages/ff/fa/0cf5c91b2d415416ef0d534a8f19bdc07d11a52fd54aface524d006be1ce/ruff-0.0.17-cp38-cp38-manylinux_2_12_x86_64.manylinux2010_x86_64.whl", hash = "sha256:fe0c047d6fc74b55fcd1ac4f18110500ba871de2014039e4838ed7444d3459ff", size = 1758753, upload-time = "2022-08-29T18:37:33.082Z" },
    { url = "https://files.pythonhosted.org/packages/8f/8b/ac8d7a1cce151c74fa9458f0297ca6fc287f9fe1a57fe710f99de970bfdb/ruff-0.0.17-cp38-cp38-manylinux_2_17_aarch64.manylinux2014_aarch64.whl", hash = "sha256:e4933e275f0c3af3a78ecf1f9a4e12cc0426cd76398c7e904786f99c1ea8a0dd", size = 1677834, upload-time = "2022-08-29T21:01:58.45Z" },
    { url = "https://files.pythonhosted.org/packages/9f/38/e51bff666939e38155ef12930e6c1d4970f5a28c7f1ff3867e97b00a4cd0/ruff-0.0.17-cp38-cp38-manylinux_2_17_armv7l.manylinux2014_armv7l.whl", hash = "sha256:3a9f2fb8b3bac67d0fa9e50411ab424a863e4bc29a3336a046cc38f06d3ec17f", size = 1700211, upload-time = "2022-08-29T21:02:00.948Z" },
    { url = "https://files.pythonhosted.org/packages/e2/96/949c17bed22816136d8e0456a242059da202e316ca4510715560c026d0d8/ruff-0.0.17-cp38-cp38-manylinux_2_17_ppc64le.manylinux2014_ppc64le.whl", hash = "sha256:5d45439cbe73332a064306c39528d6bbf4856abb6d377ad8244b6e74a737daaa", size = 1894522, upload-time = "2022-08-29T21:02:02.953Z" },
    { url = "https://files.pythonhosted.org/packages/89/61/cec1cd7093eea58e083060fc66c3fcf758737785a21b752fc568f57eabab/ruff-0.0.17-cp38-cp38-manylinux_2_17_s390x.manylinux2014_s390x.whl", hash = "sha256:f7433f20d39a3819e322a3497dce037c6110f9588ec51ba136a938109dd31e71", size = 2119345, upload-time = "2022-08-29T21:02:04.273Z" },
    { url = "https://files.pythonhosted.org/packages/a9/32/27bb21e91e0e7d6e76be6d5fce844c3ac52278ae49d8964eb356a024cf26/ruff-0.0.17-cp38-none-win32.whl", hash = "sha256:5f8f4f4310018807402c77d81ae020666b742d2173a73b147ce0d1e0a08f022f", size = 1626409, upload-time = "2022-08-29T18:37:34.495Z" },
    { url = "https://files.pythonhosted.org/packages/d0/3f/cd9d27f2dbbd4975c7880d8284f893ea99cf73c646f453b9cef1b3924db5/ruff-0.0.17-cp38-none-win_amd64.whl", hash = "sha256:f0d0e8058d903b8fe899e04e1a957127ca97452553cf70ba9b4d1b277f034ad1", size = 1654979, upload-time = "2022-08-29T18:37:35.864Z" },
    { url = "https://files.pythonhosted.org/packages/d3/4e/c854d4587c180936b33eac57344b11f52564878d2939fd6d9d842fa6e5ae/ruff-0.0.17-cp39-cp39-macosx_10_7_x86_64.whl", hash = "sha256:e6f24c3746d199bdb0d47149ed5353a41f0192630911396822fda0f8a6feaa0b", size = 1665735, upload-time = "2022-08-29T16:47:06.002Z" },
    { url = "https://files.pythonhosted.org/packages/49/8b/8d2de1c9f7e2056bd4edaea393d6ad3494e75e99136cf127402afb4c496c/ruff-0.0.17-cp39-cp39-macosx_10_9_x86_64.macosx_11_0_arm64.macosx_10_9_universal2.whl", hash = "sha256:71cb773b19240f1be64c5f71aa2ad52b9f44fde1605c2c2f4089a5d61cb552d2", size = 3202528, upload-time = "2022-08-29T21:02:06.208Z" },
    { url = "https://files.pythonhosted.org/packages/aa/9f/7235c23ed12dfd44823d3a127d5654cc2fbfbe3daa1aca00c43ad2ccd519/ruff-0.0.17-cp39-cp39-macosx_11_0_arm64.whl", hash = "sha256:bab716debcab46d9a1d7c8d00e2acf2b48ff28ec519b2b4c0eba873236782c21", size = 1543942, upload-time = "2022-08-29T16:49:33.817Z" },
    { url = "https://files.pythonhosted.org/packages/2e/69/1d4a2819146458d478e8c8a194452da263ab60202083d8eba02307fde216/ruff-0.0.17-cp39-cp39-manylinux_2_12_i686.manylinux2010_i686.whl", hash = "sha256:ef57186452c0cfe71f09dac434bda0f1a804808f92221142adb9de28c3f422e6", size = 1788392, upload-time = "2022-08-29T18:08:57.797Z" },
    { url = "https://files.pythonhosted.org/packages/c2/35/c3e2a3c3690e732860342b16e606795e977d87a90176ed1dae13c001ee86/ruff-0.0.17-cp39-cp39-manylinux_2_12_x86_64.manylinux2010_x86_64.whl", hash = "sha256:8b00be13abaf107c30b8bcaf2ac89dc2b3abd164728c229339910211c05e8c43", size = 1758753, upload-time = "2022-08-29T18:08:59.165Z" },
    { url = "https://files.pythonhosted.org/packages/ad/3d/7d71456c7e1c543ed223b400a2e962a344b5467a27e196c4dd6f2d1d30c3/ruff-0.0.17-cp39-cp39-manylinux_2_17_aarch64.manylinux2014_aarch64.whl", hash = "sha256:e9c1ba3383995091ce6f3618e89f1bb0ed5caa730f64bb79a1c60184682dc5c3", size = 1677834, upload-time = "2022-08-29T21:02:08.287Z" },
    { url = "https://files.pythonhosted.org/packages/f3/73/e87e31367fe7af0a027672e49703b61ea6566912d09e34a8e3e43bce3455/ruff-0.0.17-cp39-cp39-manylinux_2_17_armv7l.manylinux2014_armv7l.whl", hash = "sha256:865114aa655dc54e5699f18b258a33a15a36da915de4936d7a458425e7f6351d", size = 1700211, upload-time = "2022-08-29T21:02:09.693Z" },
    { url = "https://files.pythonhosted.org/packages/2b/27/7449e2a8bca1957c0e2d57316ca8fdcdf8d83277b23d50a33bdded703aa6/ruff-0.0.17-cp39-cp39-manylinux_2_17_ppc64le.manylinux2014_ppc64le.whl", hash = "sha256:a390b4657cc1eebd9bb0e581da768aa557b1157f5eeed6fc8b5b920991061b04", size = 1894520, upload-time = "2022-08-29T21:02:11.053Z" },
    { url = "https://files.pythonhosted.org/packages/80/39/db6441f33216e25e5dba811e9d908cff898df7c9930006c735ba6578dd65/ruff-0.0.17-cp39-cp39-manylinux_2_17_s390x.manylinux2014_s390x.whl", hash = "sha256:d3fec0e9e8f285324127b97c55b525fe61e8e16e93e1a03d34aba80e3aff9f21", size = 2119346, upload-time = "2022-08-29T21:02:12.849Z" },
    { url = "https://files.pythonhosted.org/packages/73/cb/d7ae9d2276f23f89642df0af808c85acc632aceca5d7039ae3afe4585afb/ruff-0.0.17-cp39-none-win32.whl", hash = "sha256:3f063c889d65d71fb189d6246ccd537c23c9d0f6e483c961ac0b5e8477d6e3ca", size = 1626409, upload-time = "2022-08-29T18:37:37.893Z" },
    { url = "https://files.pythonhosted.org/packages/d8/a7/3ccc344a2b228a15b52217ed2a2982214ad77684745c3e09ace2b1f8e9bf/ruff-0.0.17-cp39-none-win_amd64.whl", hash = "sha256:4ba403b8a5f38753ed3ba7ca16fb7c67eaee96a4e4a9e9709f3ad8cd3909012c", size = 1654973, upload-time = "2022-08-29T18:37:39.226Z" },
]

[[package]]
name = "ruff"
version = "0.8.4"
source = { registry = "https://pypi.org/simple" }
resolution-markers = [
    "python_full_version >= '3.7'",
]
sdist = { url = "https://files.pythonhosted.org/packages/34/37/9c02181ef38d55b77d97c68b78e705fd14c0de0e5d085202bb2b52ce5be9/ruff-0.8.4.tar.gz", hash = "sha256:0d5f89f254836799af1615798caa5f80b7f935d7a670fad66c5007928e57ace8", size = 3402103, upload-time = "2024-12-19T13:36:26.286Z" }
wheels = [
    { url = "https://files.pythonhosted.org/packages/05/67/f480bf2f2723b2e49af38ed2be75ccdb2798fca7d56279b585c8f553aaab/ruff-0.8.4-py3-none-linux_armv6l.whl", hash = "sha256:58072f0c06080276804c6a4e21a9045a706584a958e644353603d36ca1eb8a60", size = 10546415, upload-time = "2024-12-19T13:35:24.958Z" },
    { url = "https://files.pythonhosted.org/packages/eb/7a/5aba20312c73f1ce61814e520d1920edf68ca3b9c507bd84d8546a8ecaa8/ruff-0.8.4-py3-none-macosx_10_12_x86_64.whl", hash = "sha256:ffb60904651c00a1e0b8df594591770018a0f04587f7deeb3838344fe3adabac", size = 10346113, upload-time = "2024-12-19T13:35:29.922Z" },
    { url = "https://files.pythonhosted.org/packages/76/f4/c41de22b3728486f0aa95383a44c42657b2db4062f3234ca36fc8cf52d8b/ruff-0.8.4-py3-none-macosx_11_0_arm64.whl", hash = "sha256:6ddf5d654ac0d44389f6bf05cee4caeefc3132a64b58ea46738111d687352296", size = 9943564, upload-time = "2024-12-19T13:35:33.455Z" },
    { url = "https://files.pythonhosted.org/packages/0e/f0/afa0d2191af495ac82d4cbbfd7a94e3df6f62a04ca412033e073b871fc6d/ruff-0.8.4-py3-none-manylinux_2_17_aarch64.manylinux2014_aarch64.whl", hash = "sha256:e248b1f0fa2749edd3350a2a342b67b43a2627434c059a063418e3d375cfe643", size = 10805522, upload-time = "2024-12-19T13:35:36.514Z" },
    { url = "https://files.pythonhosted.org/packages/12/57/5d1e9a0fd0c228e663894e8e3a8e7063e5ee90f8e8e60cf2085f362bfa1a/ruff-0.8.4-py3-none-manylinux_2_17_armv7l.manylinux2014_armv7l.whl", hash = "sha256:bf197b98ed86e417412ee3b6c893f44c8864f816451441483253d5ff22c0e81e", size = 10306763, upload-time = "2024-12-19T13:35:39.257Z" },
    { url = "https://files.pythonhosted.org/packages/04/df/f069fdb02e408be8aac6853583572a2873f87f866fe8515de65873caf6b8/ruff-0.8.4-py3-none-manylinux_2_17_i686.manylinux2014_i686.whl", hash = "sha256:c41319b85faa3aadd4d30cb1cffdd9ac6b89704ff79f7664b853785b48eccdf3", size = 11359574, upload-time = "2024-12-19T13:35:44.519Z" },
    { url = "https://files.pythonhosted.org/packages/d3/04/37c27494cd02e4a8315680debfc6dfabcb97e597c07cce0044db1f9dfbe2/ruff-0.8.4-py3-none-manylinux_2_17_ppc64.manylinux2014_ppc64.whl", hash = "sha256:9f8402b7c4f96463f135e936d9ab77b65711fcd5d72e5d67597b543bbb43cf3f", size = 12094851, upload-time = "2024-12-19T13:35:48.975Z" },
    { url = "https://files.pythonhosted.org/packages/81/b1/c5d7fb68506cab9832d208d03ea4668da9a9887a4a392f4f328b1bf734ad/ruff-0.8.4-py3-none-manylinux_2_17_ppc64le.manylinux2014_ppc64le.whl", hash = "sha256:e4e56b3baa9c23d324ead112a4fdf20db9a3f8f29eeabff1355114dd96014604", size = 11655539, upload-time = "2024-12-19T13:35:52.865Z" },
    { url = "https://files.pythonhosted.org/packages/ef/38/8f8f2c8898dc8a7a49bc340cf6f00226917f0f5cb489e37075bcb2ce3671/ruff-0.8.4-py3-none-manylinux_2_17_s390x.manylinux2014_s390x.whl", hash = "sha256:736272574e97157f7edbbb43b1d046125fce9e7d8d583d5d65d0c9bf2c15addf", size = 12912805, upload-time = "2024-12-19T13:35:57.234Z" },
    { url = "https://files.pythonhosted.org/packages/06/dd/fa6660c279f4eb320788876d0cff4ea18d9af7d9ed7216d7bd66877468d0/ruff-0.8.4-py3-none-manylinux_2_17_x86_64.manylinux2014_x86_64.whl", hash = "sha256:e5fe710ab6061592521f902fca7ebcb9fabd27bc7c57c764298b1c1f15fff720", size = 11205976, upload-time = "2024-12-19T13:36:01.27Z" },
    { url = "https://files.pythonhosted.org/packages/a8/d7/de94cc89833b5de455750686c17c9e10f4e1ab7ccdc5521b8fe911d1477e/ruff-0.8.4-py3-none-musllinux_1_2_aarch64.whl", hash = "sha256:13e9ec6d6b55f6da412d59953d65d66e760d583dd3c1c72bf1f26435b5bfdbae", size = 10792039, upload-time = "2024-12-19T13:36:04.459Z" },
    { url = "https://files.pythonhosted.org/packages/6d/15/3e4906559248bdbb74854af684314608297a05b996062c9d72e0ef7c7097/ruff-0.8.4-py3-none-musllinux_1_2_armv7l.whl", hash = "sha256:97d9aefef725348ad77d6db98b726cfdb075a40b936c7984088804dfd38268a7", size = 10400088, upload-time = "2024-12-19T13:36:08.362Z" },
    { url = "https://files.pythonhosted.org/packages/a2/21/9ed4c0e8133cb4a87a18d470f534ad1a8a66d7bec493bcb8bda2d1a5d5be/ruff-0.8.4-py3-none-musllinux_1_2_i686.whl", hash = "sha256:ab78e33325a6f5374e04c2ab924a3367d69a0da36f8c9cb6b894a62017506111", size = 10900814, upload-time = "2024-12-19T13:36:12.877Z" },
    { url = "https://files.pythonhosted.org/packages/0d/5d/122a65a18955bd9da2616b69bc839351f8baf23b2805b543aa2f0aed72b5/ruff-0.8.4-py3-none-musllinux_1_2_x86_64.whl", hash = "sha256:8ef06f66f4a05c3ddbc9121a8b0cecccd92c5bf3dd43b5472ffe40b8ca10f0f8", size = 11268828, upload-time = "2024-12-19T13:36:15.718Z" },
    { url = "https://files.pythonhosted.org/packages/43/a9/1676ee9106995381e3d34bccac5bb28df70194167337ed4854c20f27c7ba/ruff-0.8.4-py3-none-win32.whl", hash = "sha256:552fb6d861320958ca5e15f28b20a3d071aa83b93caee33a87b471f99a6c0835", size = 8805621, upload-time = "2024-12-19T13:36:18.551Z" },
    { url = "https://files.pythonhosted.org/packages/10/98/ed6b56a30ee76771c193ff7ceeaf1d2acc98d33a1a27b8479cbdb5c17a23/ruff-0.8.4-py3-none-win_amd64.whl", hash = "sha256:f21a1143776f8656d7f364bd264a9d60f01b7f52243fbe90e7670c0dfe0cf65d", size = 9660086, upload-time = "2024-12-19T13:36:21.323Z" },
    { url = "https://files.pythonhosted.org/packages/13/9f/026e18ca7d7766783d779dae5e9c656746c6ede36ef73c6d934aaf4a6dec/ruff-0.8.4-py3-none-win_arm64.whl", hash = "sha256:9183dd615d8df50defa8b1d9a074053891ba39025cf5ae88e8bcb52edcc4bf08", size = 9074500, upload-time = "2024-12-19T13:36:23.92Z" },
]

[[package]]
name = "six"
version = "1.17.0"
source = { registry = "https://pypi.org/simple" }
sdist = { url = "https://files.pythonhosted.org/packages/94/e7/b2c673351809dca68a0e064b6af791aa332cf192da575fd474ed7d6f16a2/six-1.17.0.tar.gz", hash = "sha256:ff70335d468e7eb6ec65b95b99d3a2836546063f63acc5171de367e834932a81", size = 34031, upload-time = "2024-12-04T17:35:28.174Z" }
wheels = [
    { url = "https://files.pythonhosted.org/packages/b7/ce/149a00dd41f10bc29e5921b496af8b574d8413afcd5e30dfa0ed46c2cc5e/six-1.17.0-py2.py3-none-any.whl", hash = "sha256:4721f391ed90541fddacab5acf947aa0d3dc7d27b2e1e8eda2be8970586c3274", size = 11050, upload-time = "2024-12-04T17:35:26.475Z" },
]

[[package]]
name = "wlgen"
version = "2.0.0"
source = { registry = "https://pypi.org/simple" }
sdist = { url = "https://files.pythonhosted.org/packages/21/6f/1607cdc94968195b37bff49793f6ba85391f3b7b2e809244ece7dc4d3495/wlgen-2.0.0.tar.gz", hash = "sha256:1f029fb9ac10d744fa08e8c832236268d86505398ba5af643b6771740f0714e1", size = 21018, upload-time = "2025-10-11T23:06:47.568Z" }
wheels = [
    { url = "https://files.pythonhosted.org/packages/34/3e/1ee1ba6d0c681005f8b80bd7f7f00145f05e2afaaf1c6ac788c04564373b/wlgen-2.0.0-py3-none-any.whl", hash = "sha256:7952fe5a864fe9098f5444d86f926ffe2cd103b6d61559344d61e129cd525694", size = 13783, upload-time = "2025-10-11T23:06:46.487Z" },
]
